version = 1
revision = 2
requires-python = ">=3.13"

[[package]]
name = "annotated-types"
version = "0.7.0"
source = { registry = "https://pypi.org/simple" }
sdist = { url = "https://files.pythonhosted.org/packages/ee/67/531ea369ba64dcff5ec9c3402f9f51bf748cec26dde048a2f973a4eea7f5/annotated_types-0.7.0.tar.gz", hash = "sha256:aff07c09a53a08bc8cfccb9c85b05f1aa9a2a6f23728d790723543408344ce89", size = 16081, upload-time = "2024-05-20T21:33:25.928Z" }
wheels = [
    { url = "https://files.pythonhosted.org/packages/78/b6/6307fbef88d9b5ee7421e68d78a9f162e0da4900bc5f5793f6d3d0e34fb8/annotated_types-0.7.0-py3-none-any.whl", hash = "sha256:1f02e8b43a8fbbc3f3e0d4f0f4bfc8131bcb4eebe8849b8e5c773f3a1c582a53", size = 13643, upload-time = "2024-05-20T21:33:24.1Z" },
]

[[package]]
name = "cachetools"
version = "5.4.0"
source = { registry = "https://pypi.org/simple" }
sdist = { url = "https://files.pythonhosted.org/packages/a7/3f/ea907ec6d15f68ea7f381546ba58adcb298417a59f01a2962cb5e486489f/cachetools-5.4.0.tar.gz", hash = "sha256:b8adc2e7c07f105ced7bc56dbb6dfbe7c4a00acce20e2227b3f355be89bc6827", size = 26975, upload-time = "2024-07-15T18:46:25.973Z" }
wheels = [
    { url = "https://files.pythonhosted.org/packages/04/e6/a1551acbaa06f3e48b311329828a34bc9c51a8cfaecdeb4d03c329a1ef85/cachetools-5.4.0-py3-none-any.whl", hash = "sha256:3ae3b49a3d5e28a77a0be2b37dbcb89005058959cb2323858c2657c4a8cab474", size = 9455, upload-time = "2024-07-15T18:46:23.563Z" },
]

[[package]]
name = "certifi"
version = "2024.7.4"
source = { registry = "https://pypi.org/simple" }
sdist = { url = "https://files.pythonhosted.org/packages/c2/02/a95f2b11e207f68bc64d7aae9666fed2e2b3f307748d5123dffb72a1bbea/certifi-2024.7.4.tar.gz", hash = "sha256:5a1e7645bc0ec61a09e26c36f6106dd4cf40c6db3a1fb6352b0244e7fb057c7b", size = 164065, upload-time = "2024-07-04T01:36:11.653Z" }
wheels = [
    { url = "https://files.pythonhosted.org/packages/1c/d5/c84e1a17bf61d4df64ca866a1c9a913874b4e9bdc131ec689a0ad013fb36/certifi-2024.7.4-py3-none-any.whl", hash = "sha256:c198e21b1289c2ab85ee4e67bb4b4ef3ead0892059901a8d5b622f24a1101e90", size = 162960, upload-time = "2024-07-04T01:36:09.038Z" },
]

[[package]]
name = "charset-normalizer"
version = "3.3.2"
source = { registry = "https://pypi.org/simple" }
sdist = { url = "https://files.pythonhosted.org/packages/63/09/c1bc53dab74b1816a00d8d030de5bf98f724c52c1635e07681d312f20be8/charset-normalizer-3.3.2.tar.gz", hash = "sha256:f30c3cb33b24454a82faecaf01b19c18562b1e89558fb6c56de4d9118a032fd5", size = 104809, upload-time = "2023-11-01T04:04:59.997Z" }
wheels = [
    { url = "https://files.pythonhosted.org/packages/28/76/e6222113b83e3622caa4bb41032d0b1bf785250607392e1b778aca0b8a7d/charset_normalizer-3.3.2-py3-none-any.whl", hash = "sha256:3e4d1f6587322d2788836a99c69062fbb091331ec940e02d12d179c1d53e25fc", size = 48543, upload-time = "2023-11-01T04:04:58.622Z" },
]

[[package]]
name = "gitdb"
version = "4.0.11"
source = { registry = "https://pypi.org/simple" }
dependencies = [
    { name = "smmap" },
]
sdist = { url = "https://files.pythonhosted.org/packages/19/0d/bbb5b5ee188dec84647a4664f3e11b06ade2bde568dbd489d9d64adef8ed/gitdb-4.0.11.tar.gz", hash = "sha256:bf5421126136d6d0af55bc1e7c1af1c397a34f5b7bd79e776cd3e89785c2b04b", size = 394469, upload-time = "2023-10-20T07:43:19.146Z" }
wheels = [
    { url = "https://files.pythonhosted.org/packages/fd/5b/8f0c4a5bb9fd491c277c21eff7ccae71b47d43c4446c9d0c6cff2fe8c2c4/gitdb-4.0.11-py3-none-any.whl", hash = "sha256:81a3407ddd2ee8df444cbacea00e2d038e40150acfa3001696fe0dcf1d3adfa4", size = 62721, upload-time = "2023-10-20T07:43:16.712Z" },
]

[[package]]
name = "gitpython"
version = "3.1.41"
source = { registry = "https://pypi.org/simple" }
dependencies = [
    { name = "gitdb" },
]
sdist = { url = "https://files.pythonhosted.org/packages/e5/c2/6e3a26945a7ff7cf2854b8825026cf3f22ac8e18285bc11b6b1ceeb8dc3f/GitPython-3.1.41.tar.gz", hash = "sha256:ed66e624884f76df22c8e16066d567aaa5a37d5b5fa19db2c6df6f7156db9048", size = 209029, upload-time = "2024-01-10T12:15:19.596Z" }
wheels = [
    { url = "https://files.pythonhosted.org/packages/45/c6/a637a7a11d4619957cb95ca195168759a4502991b1b91c13d3203ffc3748/GitPython-3.1.41-py3-none-any.whl", hash = "sha256:c36b6634d069b3f719610175020a9aed919421c87552185b085e04fbbdb10b7c", size = 196354, upload-time = "2024-01-10T12:15:16.135Z" },
]

[[package]]
name = "google-api-core"
version = "2.19.1"
source = { registry = "https://pypi.org/simple" }
dependencies = [
    { name = "google-auth" },
    { name = "googleapis-common-protos" },
    { name = "proto-plus" },
    { name = "protobuf" },
    { name = "requests" },
]
sdist = { url = "https://files.pythonhosted.org/packages/c2/41/42a127bf163d9bf1f21540a3bf41c69b231b88707d8d753680b8878201a6/google-api-core-2.19.1.tar.gz", hash = "sha256:f4695f1e3650b316a795108a76a1c416e6afb036199d1c1f1f110916df479ffd", size = 148925, upload-time = "2024-06-24T16:51:17.894Z" }
wheels = [
    { url = "https://files.pythonhosted.org/packages/44/99/daa3541e8ecd7d8b7907b714ba92126097a976b5b3dbabdb5febdcf08554/google_api_core-2.19.1-py3-none-any.whl", hash = "sha256:f12a9b8309b5e21d92483bbd47ce2c445861ec7d269ef6784ecc0ea8c1fa6125", size = 139384, upload-time = "2024-06-24T16:51:15.472Z" },
]

[[package]]
name = "google-api-python-client"
version = "2.137.0"
source = { registry = "https://pypi.org/simple" }
dependencies = [
    { name = "google-api-core" },
    { name = "google-auth" },
    { name = "google-auth-httplib2" },
    { name = "httplib2" },
    { name = "uritemplate" },
]
sdist = { url = "https://files.pythonhosted.org/packages/78/b6/ce62a006e9df3ba9ef4e1dfec0bee97f426ed0cdd05f1220740c267588b0/google_api_python_client-2.137.0.tar.gz", hash = "sha256:e739cb74aac8258b1886cb853b0722d47c81fe07ad649d7f2206f06530513c04", size = 11477114, upload-time = "2024-07-09T17:07:15.256Z" }
wheels = [
    { url = "https://files.pythonhosted.org/packages/ca/64/ea07e135989a7c4b7c3f12560f0660009b43f82df5954fdec93243744d5b/google_api_python_client-2.137.0-py2.py3-none-any.whl", hash = "sha256:a8b5c5724885e5be9f5368739aa0ccf416627da4ebd914b410a090c18f84d692", size = 11967994, upload-time = "2024-07-09T17:07:09.447Z" },
]

[[package]]
name = "google-auth"
version = "2.32.0"
source = { registry = "https://pypi.org/simple" }
dependencies = [
    { name = "cachetools" },
    { name = "pyasn1-modules" },
    { name = "rsa" },
]
sdist = { url = "https://files.pythonhosted.org/packages/8c/a3/cc4dc2e8a7f67012a26dec5b6b1fdf5261b12e7d54981c88de2580315726/google_auth-2.32.0.tar.gz", hash = "sha256:49315be72c55a6a37d62819e3573f6b416aca00721f7e3e31a008d928bf64022", size = 254614, upload-time = "2024-07-08T23:17:04.232Z" }
wheels = [
    { url = "https://files.pythonhosted.org/packages/e7/00/85c22f7f73fa2e88dfbf0e1f63c565386ba40e0264b59c8a4362ae27c9fc/google_auth-2.32.0-py2.py3-none-any.whl", hash = "sha256:53326ea2ebec768070a94bee4e1b9194c9646ea0c2bd72422785bd0f9abfad7b", size = 195501, upload-time = "2024-07-08T23:17:00.887Z" },
]

[[package]]
name = "google-auth-httplib2"
version = "0.2.0"
source = { registry = "https://pypi.org/simple" }
dependencies = [
    { name = "google-auth" },
    { name = "httplib2" },
]
sdist = { url = "https://files.pythonhosted.org/packages/56/be/217a598a818567b28e859ff087f347475c807a5649296fb5a817c58dacef/google-auth-httplib2-0.2.0.tar.gz", hash = "sha256:38aa7badf48f974f1eb9861794e9c0cb2a0511a4ec0679b1f886d108f5640e05", size = 10842, upload-time = "2023-12-12T17:40:30.722Z" }
wheels = [
    { url = "https://files.pythonhosted.org/packages/be/8a/fe34d2f3f9470a27b01c9e76226965863f153d5fbe276f83608562e49c04/google_auth_httplib2-0.2.0-py2.py3-none-any.whl", hash = "sha256:b65a0a2123300dd71281a7bf6e64d65a0759287df52729bdd1ae2e47dc311a3d", size = 9253, upload-time = "2023-12-12T17:40:13.055Z" },
]

[[package]]
name = "googleapis-common-protos"
version = "1.63.2"
source = { registry = "https://pypi.org/simple" }
dependencies = [
    { name = "protobuf" },
]
sdist = { url = "https://files.pythonhosted.org/packages/0b/1a/41723ae380fa9c561cbe7b61c4eef9091d5fe95486465ccfc84845877331/googleapis-common-protos-1.63.2.tar.gz", hash = "sha256:27c5abdffc4911f28101e635de1533fb4cfd2c37fbaa9174587c799fac90aa87", size = 112890, upload-time = "2024-06-24T16:51:33.669Z" }
wheels = [
    { url = "https://files.pythonhosted.org/packages/02/48/87422ff1bddcae677fb6f58c97f5cfc613304a5e8ce2c3662760199c0a84/googleapis_common_protos-1.63.2-py2.py3-none-any.whl", hash = "sha256:27a2499c7e8aff199665b22741997e485eccc8645aa9176c7c988e6fae507945", size = 220001, upload-time = "2024-06-24T16:51:31.399Z" },
]

[[package]]
name = "httplib2"
version = "0.22.0"
source = { registry = "https://pypi.org/simple" }
dependencies = [
    { name = "pyparsing" },
]
sdist = { url = "https://files.pythonhosted.org/packages/3d/ad/2371116b22d616c194aa25ec410c9c6c37f23599dcd590502b74db197584/httplib2-0.22.0.tar.gz", hash = "sha256:d7a10bc5ef5ab08322488bde8c726eeee5c8618723fdb399597ec58f3d82df81", size = 351116, upload-time = "2023-03-21T22:29:37.214Z" }
wheels = [
    { url = "https://files.pythonhosted.org/packages/a8/6c/d2fbdaaa5959339d53ba38e94c123e4e84b8fbc4b84beb0e70d7c1608486/httplib2-0.22.0-py3-none-any.whl", hash = "sha256:14ae0a53c1ba8f3d37e9e27cf37eabb0fb9980f435ba405d546948b009dd64dc", size = 96854, upload-time = "2023-03-21T22:29:35.683Z" },
]

[[package]]
name = "idna"
version = "3.7"
source = { registry = "https://pypi.org/simple" }
sdist = { url = "https://files.pythonhosted.org/packages/21/ed/f86a79a07470cb07819390452f178b3bef1d375f2ec021ecfc709fc7cf07/idna-3.7.tar.gz", hash = "sha256:028ff3aadf0609c1fd278d8ea3089299412a7a8b9bd005dd08b9f8285bcb5cfc", size = 189575, upload-time = "2024-04-11T03:34:43.276Z" }
wheels = [
    { url = "https://files.pythonhosted.org/packages/e5/3e/741d8c82801c347547f8a2a06aa57dbb1992be9e948df2ea0eda2c8b79e8/idna-3.7-py3-none-any.whl", hash = "sha256:82fee1fc78add43492d3a1898bfa6d8a904cc97d8427f683ed8e798d07761aa0", size = 66836, upload-time = "2024-04-11T03:34:41.447Z" },
]

[[package]]
name = "mdutils"
version = "1.6.0"
source = { registry = "https://pypi.org/simple" }
sdist = { url = "https://files.pythonhosted.org/packages/b1/ec/6240f147530a2c8d362ed3f2f7985aca92cda68c25ffc2fc216504b17148/mdutils-1.6.0.tar.gz", hash = "sha256:647f3cf00df39fee6c57fa6738dc1160fce1788276b5530c87d43a70cdefdaf1", size = 22881, upload-time = "2023-04-29T14:39:34.994Z" }

[[package]]
name = "proto-plus"
version = "1.24.0"
source = { registry = "https://pypi.org/simple" }
dependencies = [
    { name = "protobuf" },
]
sdist = { url = "https://files.pythonhosted.org/packages/3e/fc/e9a65cd52c1330d8d23af6013651a0bc50b6d76bcbdf91fae7cd19c68f29/proto-plus-1.24.0.tar.gz", hash = "sha256:30b72a5ecafe4406b0d339db35b56c4059064e69227b8c3bda7462397f966445", size = 55942, upload-time = "2024-06-19T15:02:44.501Z" }
wheels = [
    { url = "https://files.pythonhosted.org/packages/7c/6f/db31f0711c0402aa477257205ce7d29e86a75cb52cd19f7afb585f75cda0/proto_plus-1.24.0-py3-none-any.whl", hash = "sha256:402576830425e5f6ce4c2a6702400ac79897dab0b4343821aa5188b0fab81a12", size = 50080, upload-time = "2024-06-19T15:02:40.052Z" },
]

[[package]]
name = "protobuf"
version = "5.27.2"
source = { registry = "https://pypi.org/simple" }
sdist = { url = "https://files.pythonhosted.org/packages/71/a5/d61e4263e62e6db1990c120d682870e5c50a30fb6b26119a214c7a014847/protobuf-5.27.2.tar.gz", hash = "sha256:f3ecdef226b9af856075f28227ff2c90ce3a594d092c39bee5513573f25e2714", size = 401640, upload-time = "2024-06-25T20:54:53.874Z" }
wheels = [
    { url = "https://files.pythonhosted.org/packages/e9/9d/318d07d4edd1dc1a29ae67f7bb42b6e8a570f817ebe8608bf3c9c518d4e8/protobuf-5.27.2-cp310-abi3-win32.whl", hash = "sha256:354d84fac2b0d76062e9b3221f4abbbacdfd2a4d8af36bab0474f3a0bb30ab38", size = 405829, upload-time = "2024-06-25T20:54:22.034Z" },
    { url = "https://files.pythonhosted.org/packages/b1/04/73b8fd7f34f3a2b2b64aa31a173b8aebbdb0c55523df4c027846bb44bc1e/protobuf-5.27.2-cp310-abi3-win_amd64.whl", hash = "sha256:0e341109c609749d501986b835f667c6e1e24531096cff9d34ae411595e26505", size = 426919, upload-time = "2024-06-25T20:54:28.399Z" },
    { url = "https://files.pythonhosted.org/packages/75/44/6ae304790fad936bb4cf09907a05d669b7600458a02b6c960fdaaeeab06e/protobuf-5.27.2-cp38-abi3-macosx_10_9_universal2.whl", hash = "sha256:a109916aaac42bff84702fb5187f3edadbc7c97fc2c99c5ff81dd15dcce0d1e5", size = 412246, upload-time = "2024-06-25T20:54:30.159Z" },
    { url = "https://files.pythonhosted.org/packages/cd/c7/a534268f9c3780be1ba50f5ed96243fa9cf6224a445de662c34e91ce0e61/protobuf-5.27.2-cp38-abi3-manylinux2014_aarch64.whl", hash = "sha256:176c12b1f1c880bf7a76d9f7c75822b6a2bc3db2d28baa4d300e8ce4cde7409b", size = 307143, upload-time = "2024-06-25T20:54:36.048Z" },
    { url = "https://files.pythonhosted.org/packages/27/e4/8dc4546be46873f8950cb44cdfe19b79d66d26e53c4ee5e3440406257fcd/protobuf-5.27.2-cp38-abi3-manylinux2014_x86_64.whl", hash = "sha256:b848dbe1d57ed7c191dfc4ea64b8b004a3f9ece4bf4d0d80a367b76df20bf36e", size = 309259, upload-time = "2024-06-25T20:54:38.074Z" },
    { url = "https://files.pythonhosted.org/packages/3a/fa/4c3ac5527ed2e5f3577167ecd5f8180ffcdc8bdd59c9f143409c19706456/protobuf-5.27.2-py3-none-any.whl", hash = "sha256:54330f07e4949d09614707c48b06d1a22f8ffb5763c159efd5c0928326a91470", size = 164772, upload-time = "2024-06-25T20:54:52.196Z" },
]

[[package]]
name = "pyasn1"
version = "0.6.0"
source = { registry = "https://pypi.org/simple" }
sdist = { url = "https://files.pythonhosted.org/packages/4a/a3/d2157f333900747f20984553aca98008b6dc843eb62f3a36030140ccec0d/pyasn1-0.6.0.tar.gz", hash = "sha256:3a35ab2c4b5ef98e17dfdec8ab074046fbda76e281c5a706ccd82328cfc8f64c", size = 148088, upload-time = "2024-03-26T20:07:35.376Z" }
wheels = [
    { url = "https://files.pythonhosted.org/packages/23/7e/5f50d07d5e70a2addbccd90ac2950f81d1edd0783630651d9268d7f1db49/pyasn1-0.6.0-py2.py3-none-any.whl", hash = "sha256:cca4bb0f2df5504f02f6f8a775b6e416ff9b0b3b16f7ee80b5a3153d9b804473", size = 85313, upload-time = "2024-03-26T20:07:32.491Z" },
]

[[package]]
name = "pyasn1-modules"
version = "0.4.0"
source = { registry = "https://pypi.org/simple" }
dependencies = [
    { name = "pyasn1" },
]
sdist = { url = "https://files.pythonhosted.org/packages/f7/00/e7bd1dec10667e3f2be602686537969a7ac92b0a7c5165be2e5875dc3971/pyasn1_modules-0.4.0.tar.gz", hash = "sha256:831dbcea1b177b28c9baddf4c6d1013c24c3accd14a1873fffaa6a2e905f17b6", size = 307859, upload-time = "2024-03-26T20:38:14.987Z" }
wheels = [
    { url = "https://files.pythonhosted.org/packages/13/68/8906226b15ef38e71dc926c321d2fe99de8048e9098b5dfd38343011c886/pyasn1_modules-0.4.0-py3-none-any.whl", hash = "sha256:be04f15b66c206eed667e0bb5ab27e2b1855ea54a842e5037738099e8ca4ae0b", size = 181220, upload-time = "2024-03-26T20:38:13.122Z" },
]

[[package]]
name = "pydantic"
version = "2.8.2"
source = { registry = "https://pypi.org/simple" }
dependencies = [
    { name = "annotated-types" },
    { name = "pydantic-core" },
    { name = "typing-extensions" },
]
sdist = { url = "https://files.pythonhosted.org/packages/8c/99/d0a5dca411e0a017762258013ba9905cd6e7baa9a3fd1fe8b6529472902e/pydantic-2.8.2.tar.gz", hash = "sha256:6f62c13d067b0755ad1c21a34bdd06c0c12625a22b0fc09c6b149816604f7c2a", size = 739834, upload-time = "2024-07-04T02:59:49.416Z" }
wheels = [
    { url = "https://files.pythonhosted.org/packages/1f/fa/b7f815b8c9ad021c07f88875b601222ef5e70619391ade4a49234d12d278/pydantic-2.8.2-py3-none-any.whl", hash = "sha256:73ee9fddd406dc318b885c7a2eab8a6472b68b8fb5ba8150949fc3db939f23c8", size = 423875, upload-time = "2024-07-04T02:59:45.33Z" },
]

[[package]]
name = "pydantic-core"
version = "2.20.1"
source = { registry = "https://pypi.org/simple" }
dependencies = [
    { name = "typing-extensions" },
]
sdist = { url = "https://files.pythonhosted.org/packages/12/e3/0d5ad91211dba310f7ded335f4dad871172b9cc9ce204f5a56d76ccd6247/pydantic_core-2.20.1.tar.gz", hash = "sha256:26ca695eeee5f9f1aeeb211ffc12f10bcb6f71e2989988fda61dabd65db878d4", size = 388371, upload-time = "2024-07-03T17:04:13.963Z" }
wheels = [
    { url = "https://files.pythonhosted.org/packages/49/75/40b0e98b658fdba02a693b3bacb4c875a28bba87796c7b13975976597d8c/pydantic_core-2.20.1-cp313-cp313-macosx_10_12_x86_64.whl", hash = "sha256:0827505a5c87e8aa285dc31e9ec7f4a17c81a813d45f70b1d9164e03a813a686", size = 1838688, upload-time = "2024-07-03T17:01:46.508Z" },
    { url = "https://files.pythonhosted.org/packages/75/02/d8ba2d4a266591a6a623c68b331b96523d4b62ab82a951794e3ed8907390/pydantic_core-2.20.1-cp313-cp313-macosx_11_0_arm64.whl", hash = "sha256:19c0fa39fa154e7e0b7f82f88ef85faa2a4c23cc65aae2f5aea625e3c13c735a", size = 1768409, upload-time = "2024-07-03T17:01:49.013Z" },
    { url = "https://files.pythonhosted.org/packages/91/ae/25ecd9bc4ce4993e99a1a3c9ab111c082630c914260e129572fafed4ecc2/pydantic_core-2.20.1-cp313-cp313-manylinux_2_17_aarch64.manylinux2014_aarch64.whl", hash = "sha256:4aa223cd1e36b642092c326d694d8bf59b71ddddc94cdb752bbbb1c5c91d833b", size = 1789317, upload-time = "2024-07-03T17:01:51.78Z" },
    { url = "https://files.pythonhosted.org/packages/7a/80/72057580681cdbe55699c367963d9c661b569a1d39338b4f6239faf36cdc/pydantic_core-2.20.1-cp313-cp313-manylinux_2_17_armv7l.manylinux2014_armv7l.whl", hash = "sha256:c336a6d235522a62fef872c6295a42ecb0c4e1d0f1a3e500fe949415761b8a19", size = 1771949, upload-time = "2024-07-03T17:01:53.881Z" },
    { url = "https://files.pythonhosted.org/packages/a2/be/d9bbabc55b05019013180f141fcaf3b14dbe15ca7da550e95b60c321009a/pydantic_core-2.20.1-cp313-cp313-manylinux_2_17_ppc64le.manylinux2014_ppc64le.whl", hash = "sha256:7eb6a0587eded33aeefea9f916899d42b1799b7b14b8f8ff2753c0ac1741edac", size = 1974392, upload-time = "2024-07-03T17:01:56.005Z" },
    { url = "https://files.pythonhosted.org/packages/79/2d/7bcd938c6afb0f40293283f5f09988b61fb0a4f1d180abe7c23a2f665f8e/pydantic_core-2.20.1-cp313-cp313-manylinux_2_17_s390x.manylinux2014_s390x.whl", hash = "sha256:70c8daf4faca8da5a6d655f9af86faf6ec2e1768f4b8b9d0226c02f3d6209703", size = 2625565, upload-time = "2024-07-03T17:01:58.508Z" },
    { url = "https://files.pythonhosted.org/packages/ac/88/ca758e979457096008a4b16a064509028e3e092a1e85a5ed6c18ced8da88/pydantic_core-2.20.1-cp313-cp313-manylinux_2_17_x86_64.manylinux2014_x86_64.whl", hash = "sha256:e9fa4c9bf273ca41f940bceb86922a7667cd5bf90e95dbb157cbb8441008482c", size = 2098784, upload-time = "2024-07-03T17:02:01.13Z" },
    { url = "https://files.pythonhosted.org/packages/eb/de/2fad6d63c3c42e472e985acb12ec45b7f56e42e6f4cd6dfbc5e87ee8678c/pydantic_core-2.20.1-cp313-cp313-manylinux_2_5_i686.manylinux1_i686.whl", hash = "sha256:11b71d67b4725e7e2a9f6e9c0ac1239bbc0c48cce3dc59f98635efc57d6dac83", size = 1900198, upload-time = "2024-07-03T17:02:04.348Z" },
    { url = "https://files.pythonhosted.org/packages/fe/50/077c7f35b6488dc369a6d22993af3a37901e198630f38ac43391ca730f5b/pydantic_core-2.20.1-cp313-cp313-musllinux_1_1_aarch64.whl", hash = "sha256:270755f15174fb983890c49881e93f8f1b80f0b5e3a3cc1394a255706cabd203", size = 1968005, upload-time = "2024-07-03T17:02:06.737Z" },
    { url = "https://files.pythonhosted.org/packages/5d/1f/f378631574ead46d636b9a04a80ff878b9365d4b361b1905ef1667d4182a/pydantic_core-2.20.1-cp313-cp313-musllinux_1_1_x86_64.whl", hash = "sha256:c81131869240e3e568916ef4c307f8b99583efaa60a8112ef27a366eefba8ef0", size = 2118920, upload-time = "2024-07-03T17:02:09.976Z" },
    { url = "https://files.pythonhosted.org/packages/7a/ea/e4943f17df7a3031d709481fe4363d4624ae875a6409aec34c28c9e6cf59/pydantic_core-2.20.1-cp313-none-win32.whl", hash = "sha256:b91ced227c41aa29c672814f50dbb05ec93536abf8f43cd14ec9521ea09afe4e", size = 1717397, upload-time = "2024-07-03T17:02:12.495Z" },
    { url = "https://files.pythonhosted.org/packages/13/63/b95781763e8d84207025071c0cec16d921c0163c7a9033ae4b9a0e020dc7/pydantic_core-2.20.1-cp313-none-win_amd64.whl", hash = "sha256:65db0f2eefcaad1a3950f498aabb4875c8890438bc80b19362cf633b87a8ab20", size = 1898013, upload-time = "2024-07-03T17:02:15.157Z" },
]

[[package]]
name = "pyparsing"
version = "3.1.2"
source = { registry = "https://pypi.org/simple" }
sdist = { url = "https://files.pythonhosted.org/packages/46/3a/31fd28064d016a2182584d579e033ec95b809d8e220e74c4af6f0f2e8842/pyparsing-3.1.2.tar.gz", hash = "sha256:a1bac0ce561155ecc3ed78ca94d3c9378656ad4c94c1270de543f621420f94ad", size = 889571, upload-time = "2024-03-06T07:25:54.246Z" }
wheels = [
    { url = "https://files.pythonhosted.org/packages/9d/ea/6d76df31432a0e6fdf81681a895f009a4bb47b3c39036db3e1b528191d52/pyparsing-3.1.2-py3-none-any.whl", hash = "sha256:f9db75911801ed778fe61bb643079ff86601aca99fcae6345aa67292038fb742", size = 103245, upload-time = "2024-03-06T07:25:50.845Z" },
]

[[package]]
name = "python-dotenv"
version = "1.0.1"
source = { registry = "https://pypi.org/simple" }
sdist = { url = "https://files.pythonhosted.org/packages/bc/57/e84d88dfe0aec03b7a2d4327012c1627ab5f03652216c63d49846d7a6c58/python-dotenv-1.0.1.tar.gz", hash = "sha256:e324ee90a023d808f1959c46bcbc04446a10ced277783dc6ee09987c37ec10ca", size = 39115, upload-time = "2024-01-23T06:33:00.505Z" }
wheels = [
    { url = "https://files.pythonhosted.org/packages/6a/3e/b68c118422ec867fa7ab88444e1274aa40681c606d59ac27de5a5588f082/python_dotenv-1.0.1-py3-none-any.whl", hash = "sha256:f7b63ef50f1b690dddf550d03497b66d609393b40b564ed0d674909a68ebf16a", size = 19863, upload-time = "2024-01-23T06:32:58.246Z" },
]

[[package]]
name = "pyyaml"
version = "6.0.1"
source = { registry = "https://pypi.org/simple" }
sdist = { url = "https://files.pythonhosted.org/packages/cd/e5/af35f7ea75cf72f2cd079c95ee16797de7cd71f29ea7c68ae5ce7be1eda0/PyYAML-6.0.1.tar.gz", hash = "sha256:bfdf460b1736c775f2ba9f6a92bca30bc2095067b8a9d77876d1fad6cc3b4a43", size = 125201, upload-time = "2023-07-18T00:00:23.308Z" }

[[package]]
name = "requests"
version = "2.32.3"
source = { registry = "https://pypi.org/simple" }
dependencies = [
    { name = "certifi" },
    { name = "charset-normalizer" },
    { name = "idna" },
    { name = "urllib3" },
]
sdist = { url = "https://files.pythonhosted.org/packages/63/70/2bf7780ad2d390a8d301ad0b550f1581eadbd9a20f896afe06353c2a2913/requests-2.32.3.tar.gz", hash = "sha256:55365417734eb18255590a9ff9eb97e9e1da868d4ccd6402399eaf68af20a760", size = 131218, upload-time = "2024-05-29T15:37:49.536Z" }
wheels = [
    { url = "https://files.pythonhosted.org/packages/f9/9b/335f9764261e915ed497fcdeb11df5dfd6f7bf257d4a6a2a686d80da4d54/requests-2.32.3-py3-none-any.whl", hash = "sha256:70761cfe03c773ceb22aa2f671b4757976145175cdfca038c02654d061d6dcc6", size = 64928, upload-time = "2024-05-29T15:37:47.027Z" },
]

[[package]]
name = "rsa"
version = "4.9"
source = { registry = "https://pypi.org/simple" }
dependencies = [
    { name = "pyasn1" },
]
sdist = { url = "https://files.pythonhosted.org/packages/aa/65/7d973b89c4d2351d7fb232c2e452547ddfa243e93131e7cfa766da627b52/rsa-4.9.tar.gz", hash = "sha256:e38464a49c6c85d7f1351b0126661487a7e0a14a50f1675ec50eb34d4f20ef21", size = 29711, upload-time = "2022-07-20T10:28:36.115Z" }
wheels = [
    { url = "https://files.pythonhosted.org/packages/49/97/fa78e3d2f65c02c8e1268b9aba606569fe97f6c8f7c2d74394553347c145/rsa-4.9-py3-none-any.whl", hash = "sha256:90260d9058e514786967344d0ef75fa8727eed8a7d2e43ce9f4bcf1b536174f7", size = 34315, upload-time = "2022-07-20T10:28:34.978Z" },
]

[[package]]
name = "setuptools"
version = "69.0.3"
source = { registry = "https://pypi.org/simple" }
sdist = { url = "https://files.pythonhosted.org/packages/fc/c9/b146ca195403e0182a374e0ea4dbc69136bad3cd55bc293df496d625d0f7/setuptools-69.0.3.tar.gz", hash = "sha256:be1af57fc409f93647f2e8e4573a142ed38724b8cdd389706a867bb4efcf1e78", size = 2219609, upload-time = "2023-12-23T15:09:14.811Z" }
wheels = [
    { url = "https://files.pythonhosted.org/packages/55/3a/5121b58b578a598b269537e09a316ad2a94fdd561a2c6eb75cd68578cc6b/setuptools-69.0.3-py3-none-any.whl", hash = "sha256:385eb4edd9c9d5c17540511303e39a147ce2fc04bc55289c322b9e5904fe2c05", size = 819530, upload-time = "2023-12-23T15:09:09.719Z" },
]

[[package]]
name = "smmap"
version = "5.0.1"
source = { registry = "https://pypi.org/simple" }
sdist = { url = "https://files.pythonhosted.org/packages/88/04/b5bf6d21dc4041000ccba7eb17dd3055feb237e7ffc2c20d3fae3af62baa/smmap-5.0.1.tar.gz", hash = "sha256:dceeb6c0028fdb6734471eb07c0cd2aae706ccaecab45965ee83f11c8d3b1f62", size = 22291, upload-time = "2023-09-17T11:35:05.241Z" }
wheels = [
    { url = "https://files.pythonhosted.org/packages/a7/a5/10f97f73544edcdef54409f1d839f6049a0d79df68adbc1ceb24d1aaca42/smmap-5.0.1-py3-none-any.whl", hash = "sha256:e6d8668fa5f93e706934a62d7b4db19c8d9eb8cf2adbb75ef1b675aa332b69da", size = 24282, upload-time = "2023-09-17T11:35:03.253Z" },
]

[[package]]
name = "typing-extensions"
version = "4.12.2"
source = { registry = "https://pypi.org/simple" }
sdist = { url = "https://files.pythonhosted.org/packages/df/db/f35a00659bc03fec321ba8bce9420de607a1d37f8342eee1863174c69557/typing_extensions-4.12.2.tar.gz", hash = "sha256:1a7ead55c7e559dd4dee8856e3a88b41225abfe1ce8df57b7c13915fe121ffb8", size = 85321, upload-time = "2024-06-07T18:52:15.995Z" }
wheels = [
    { url = "https://files.pythonhosted.org/packages/26/9f/ad63fc0248c5379346306f8668cda6e2e2e9c95e01216d2b8ffd9ff037d0/typing_extensions-4.12.2-py3-none-any.whl", hash = "sha256:04e5ca0351e0f3f85c6853954072df659d0d13fac324d0072316b67d7794700d", size = 37438, upload-time = "2024-06-07T18:52:13.582Z" },
]

[[package]]
name = "uritemplate"
version = "4.1.1"
source = { registry = "https://pypi.org/simple" }
sdist = { url = "https://files.pythonhosted.org/packages/d2/5a/4742fdba39cd02a56226815abfa72fe0aa81c33bed16ed045647d6000eba/uritemplate-4.1.1.tar.gz", hash = "sha256:4346edfc5c3b79f694bccd6d6099a322bbeb628dbf2cd86eea55a456ce5124f0", size = 273898, upload-time = "2021-10-13T11:15:14.84Z" }
wheels = [
    { url = "https://files.pythonhosted.org/packages/81/c0/7461b49cd25aeece13766f02ee576d1db528f1c37ce69aee300e075b485b/uritemplate-4.1.1-py2.py3-none-any.whl", hash = "sha256:830c08b8d99bdd312ea4ead05994a38e8936266f84b9a7878232db50b044e02e", size = 10356, upload-time = "2021-10-13T11:15:12.316Z" },
]

[[package]]
name = "urllib3"
version = "2.2.2"
source = { registry = "https://pypi.org/simple" }
sdist = { url = "https://files.pythonhosted.org/packages/43/6d/fa469ae21497ddc8bc93e5877702dca7cb8f911e337aca7452b5724f1bb6/urllib3-2.2.2.tar.gz", hash = "sha256:dd505485549a7a552833da5e6063639d0d177c04f23bc3864e41e5dc5f612168", size = 292266, upload-time = "2024-06-17T13:40:11.401Z" }
wheels = [
    { url = "https://files.pythonhosted.org/packages/ca/1c/89ffc63a9605b583d5df2be791a27bc1a42b7c32bab68d3c8f2f73a98cd4/urllib3-2.2.2-py3-none-any.whl", hash = "sha256:a448b2f64d686155468037e1ace9f2d2199776e17f0a46610480d311f73e3472", size = 121444, upload-time = "2024-06-17T13:40:07.795Z" },
]

[[package]]
name = "wheel"
version = "0.43.0"
source = { registry = "https://pypi.org/simple" }
sdist = { url = "https://files.pythonhosted.org/packages/b8/d6/ac9cd92ea2ad502ff7c1ab683806a9deb34711a1e2bd8a59814e8fc27e69/wheel-0.43.0.tar.gz", hash = "sha256:465ef92c69fa5c5da2d1cf8ac40559a8c940886afcef87dcf14b9470862f1d85", size = 99109, upload-time = "2024-03-11T19:29:17.32Z" }
wheels = [
    { url = "https://files.pythonhosted.org/packages/7d/cd/d7460c9a869b16c3dd4e1e403cce337df165368c71d6af229a74699622ce/wheel-0.43.0-py3-none-any.whl", hash = "sha256:55c570405f142630c6b9f72fe09d9b67cf1477fcf543ae5b8dcb1f5b7377da81", size = 65775, upload-time = "2024-03-11T19:29:15.522Z" },
]

[[package]]
name = "yt-data-to-markdown"
version = "0.1.0"
source = { virtual = "." }
dependencies = [
    { name = "annotated-types" },
    { name = "cachetools" },
    { name = "certifi" },
    { name = "charset-normalizer" },
    { name = "gitdb" },
    { name = "gitpython" },
    { name = "google-api-core" },
    { name = "google-api-python-client" },
    { name = "google-auth" },
    { name = "google-auth-httplib2" },
    { name = "googleapis-common-protos" },
    { name = "httplib2" },
    { name = "idna" },
    { name = "mdutils" },
    { name = "proto-plus" },
    { name = "protobuf" },
    { name = "pyasn1" },
    { name = "pyasn1-modules" },
    { name = "pydantic" },
    { name = "pydantic-core" },
    { name = "pyparsing" },
    { name = "python-dotenv" },
    { name = "pyyaml" },
    { name = "requests" },
    { name = "rsa" },
    { name = "setuptools" },
    { name = "smmap" },
    { name = "typing-extensions" },
    { name = "uritemplate" },
    { name = "urllib3" },
    { name = "wheel" },
    { name = "yt-viewer" },
]

[package.metadata]
requires-dist = [
    { name = "annotated-types", specifier = "==0.7.0" },
    { name = "cachetools", specifier = "==5.4.0" },
    { name = "certifi", specifier = "==2024.7.4" },
    { name = "charset-normalizer", specifier = "==3.3.2" },
    { name = "gitdb", specifier = "==4.0.11" },
    { name = "gitpython", specifier = "==3.1.41" },
    { name = "google-api-core", specifier = "==2.19.1" },
    { name = "google-api-python-client", specifier = "==2.137.0" },
    { name = "google-auth", specifier = "==2.32.0" },
    { name = "google-auth-httplib2", specifier = "==0.2.0" },
    { name = "googleapis-common-protos", specifier = "==1.63.2" },
    { name = "httplib2", specifier = "==0.22.0" },
    { name = "idna", specifier = "==3.7" },
    { name = "mdutils", specifier = "==1.6.0" },
    { name = "proto-plus", specifier = "==1.24.0" },
    { name = "protobuf", specifier = "==5.27.2" },
    { name = "pyasn1", specifier = "==0.6.0" },
    { name = "pyasn1-modules", specifier = "==0.4.0" },
    { name = "pydantic", specifier = "==2.8.2" },
    { name = "pydantic-core", specifier = "==2.20.1" },
    { name = "pyparsing", specifier = "==3.1.2" },
    { name = "python-dotenv", specifier = "==1.0.1" },
    { name = "pyyaml", specifier = "==6.0.1" },
    { name = "requests", specifier = "==2.32.3" },
    { name = "rsa", specifier = "==4.9" },
    { name = "setuptools", specifier = "==69.0.3" },
    { name = "smmap", specifier = "==5.0.1" },
    { name = "typing-extensions", specifier = "==4.12.2" },
    { name = "uritemplate", specifier = "==4.1.1" },
    { name = "urllib3", specifier = "==2.2.2" },
    { name = "wheel", specifier = "==0.43.0" },
    { name = "yt-viewer", git = "https://github.com/VisualDudek/yt-viewer.git?rev=b7c8a3b56d6ac40fae50200261bdac59b1b69ccd" },
]

[[package]]
name = "yt-viewer"
version = "0.1.0"
source = { git = "https://github.com/VisualDudek/yt-viewer.git?rev=b7c8a3b56d6ac40fae50200261bdac59b1b69ccd#b7c8a3b56d6ac40fae50200261bdac59b1b69ccd" }
dependencies = [
    { name = "pydantic" },
]
